// !$*UTF8*$!
{
	archiveVersion = 1;
	classes = {
	};
	objectVersion = 46;
	objects = {

/* Begin PBXBuildFile section */
		C4BB05B13F2FA1405BD943EB /* Pods_StudentHelpApp.framework in Frameworks */ = {isa = PBXBuildFile; fileRef = 69075B4575EEC7C189B7A049 /* Pods_StudentHelpApp.framework */; };
		CE3CCF7721F64247002526C3 /* TabBarVC.swift in Sources */ = {isa = PBXBuildFile; fileRef = CE3CCF7621F64247002526C3 /* TabBarVC.swift */; };
		CE3CCF7921F9F158002526C3 /* SearchViewController.swift in Sources */ = {isa = PBXBuildFile; fileRef = CE3CCF7821F9F158002526C3 /* SearchViewController.swift */; };
		CE537FB121ED029900DE8BDD /* LocalUser.swift in Sources */ = {isa = PBXBuildFile; fileRef = CE537FB021ED029900DE8BDD /* LocalUser.swift */; };
		CE86F5CD21DA835F00F79D1B /* JsonWork.swift in Sources */ = {isa = PBXBuildFile; fileRef = CE86F5CC21DA835F00F79D1B /* JsonWork.swift */; };
		CE86F5D221E397ED00F79D1B /* CustomTableViewCell.swift in Sources */ = {isa = PBXBuildFile; fileRef = CE86F5D021E397ED00F79D1B /* CustomTableViewCell.swift */; };
		CE86F5D321E397ED00F79D1B /* CustomTableViewCell.xib in Resources */ = {isa = PBXBuildFile; fileRef = CE86F5D121E397ED00F79D1B /* CustomTableViewCell.xib */; };
		CE86F5D521E4E02C00F79D1B /* SettingsViewController.swift in Sources */ = {isa = PBXBuildFile; fileRef = CE86F5D421E4E02C00F79D1B /* SettingsViewController.swift */; };
		CE9362CB21E88C63008C6B2E /* Search.swift in Sources */ = {isa = PBXBuildFile; fileRef = CE9362CA21E88C63008C6B2E /* Search.swift */; };
		CE9362CD21E90DAF008C6B2E /* SearchTableViewCell.swift in Sources */ = {isa = PBXBuildFile; fileRef = CE9362CC21E90DAF008C6B2E /* SearchTableViewCell.swift */; };
		CE95EFD021C95E810030A21B /* FileHelper.swift in Sources */ = {isa = PBXBuildFile; fileRef = CE95EFCF21C95E810030A21B /* FileHelper.swift */; };
		CE95EFD221C95EFA0030A21B /* FileDirectory.swift in Sources */ = {isa = PBXBuildFile; fileRef = CE95EFD121C95EFA0030A21B /* FileDirectory.swift */; };
		CE95EFD421C95FAA0030A21B /* FileSave.swift in Sources */ = {isa = PBXBuildFile; fileRef = CE95EFD321C95FAA0030A21B /* FileSave.swift */; };
		CE95EFD821D525BD0030A21B /* RegisterViewController.swift in Sources */ = {isa = PBXBuildFile; fileRef = CE95EFD721D525BD0030A21B /* RegisterViewController.swift */; };
		CE95EFDD21D695A70030A21B /* PopUpAssignmentFormViewController.swift in Sources */ = {isa = PBXBuildFile; fileRef = CE95EFDB21D695A70030A21B /* PopUpAssignmentFormViewController.swift */; };
		CE95EFE021D93FE40030A21B /* UserInfo.swift in Sources */ = {isa = PBXBuildFile; fileRef = CE95EFDF21D93FE40030A21B /* UserInfo.swift */; };
		CE95EFE221D950990030A21B /* ProfileViewController.swift in Sources */ = {isa = PBXBuildFile; fileRef = CE95EFE121D950990030A21B /* ProfileViewController.swift */; };
		CEE3F14021E6774B00AC07AA /* ChatViewController.swift in Sources */ = {isa = PBXBuildFile; fileRef = CEE3F13F21E6774B00AC07AA /* ChatViewController.swift */; };
		CEE3F14221E67B3400AC07AA /* MessageTableViewCell.swift in Sources */ = {isa = PBXBuildFile; fileRef = CEE3F14121E67B3400AC07AA /* MessageTableViewCell.swift */; };
		CEE3F14421E67C5E00AC07AA /* MessageDetail.swift in Sources */ = {isa = PBXBuildFile; fileRef = CEE3F14321E67C5E00AC07AA /* MessageDetail.swift */; };
		CEE3F14621E7796400AC07AA /* MessageViewController.swift in Sources */ = {isa = PBXBuildFile; fileRef = CEE3F14521E7796400AC07AA /* MessageViewController.swift */; };
		CEE3F14821E77D6B00AC07AA /* Message.swift in Sources */ = {isa = PBXBuildFile; fileRef = CEE3F14721E77D6B00AC07AA /* Message.swift */; };
		CEE3F14A21E7921E00AC07AA /* ChatMessageTableViewCell.swift in Sources */ = {isa = PBXBuildFile; fileRef = CEE3F14921E7921E00AC07AA /* ChatMessageTableViewCell.swift */; };
		CEE3F14E21E8820000AC07AA /* SearchToSendViewController.swift in Sources */ = {isa = PBXBuildFile; fileRef = CEE3F14D21E8820000AC07AA /* SearchToSendViewController.swift */; };
		CEF0A11221B3F92400E0AADC /* AppDelegate.swift in Sources */ = {isa = PBXBuildFile; fileRef = CEF0A11121B3F92400E0AADC /* AppDelegate.swift */; };
		CEF0A11421B3F92400E0AADC /* LoginViewController.swift in Sources */ = {isa = PBXBuildFile; fileRef = CEF0A11321B3F92400E0AADC /* LoginViewController.swift */; };
		CEF0A11721B3F92400E0AADC /* Main.storyboard in Resources */ = {isa = PBXBuildFile; fileRef = CEF0A11521B3F92400E0AADC /* Main.storyboard */; };
		CEF0A11921B3F92400E0AADC /* Assets.xcassets in Resources */ = {isa = PBXBuildFile; fileRef = CEF0A11821B3F92400E0AADC /* Assets.xcassets */; };
		CEF0A11C21B3F92400E0AADC /* LaunchScreen.storyboard in Resources */ = {isa = PBXBuildFile; fileRef = CEF0A11A21B3F92400E0AADC /* LaunchScreen.storyboard */; };
		CEF0A12421B55EAD00E0AADC /* LoginTextField.swift in Sources */ = {isa = PBXBuildFile; fileRef = CEF0A12321B55EAD00E0AADC /* LoginTextField.swift */; };
		CEF0A13021B5B35500E0AADC /* TableViewCellUser.swift in Sources */ = {isa = PBXBuildFile; fileRef = CEF0A12F21B5B35500E0AADC /* TableViewCellUser.swift */; };
		CEF0A13B21B8010300E0AADC /* GoogleService-Info.plist in Resources */ = {isa = PBXBuildFile; fileRef = CEF0A13A21B8010300E0AADC /* GoogleService-Info.plist */; };
		CEF0A15B21B9490400E0AADC /* User.swift in Sources */ = {isa = PBXBuildFile; fileRef = CEF0A15A21B9490400E0AADC /* User.swift */; };
		CEF0A16221B9602600E0AADC /* AssignmentItem.swift in Sources */ = {isa = PBXBuildFile; fileRef = CEF0A16121B9602600E0AADC /* AssignmentItem.swift */; };
/* End PBXBuildFile section */

/* Begin PBXFileReference section */
		1E6485A26DA7CF96813805E0 /* Pods-StudentHelpApp.release.xcconfig */ = {isa = PBXFileReference; includeInIndex = 1; lastKnownFileType = text.xcconfig; name = "Pods-StudentHelpApp.release.xcconfig"; path = "Pods/Target Support Files/Pods-StudentHelpApp/Pods-StudentHelpApp.release.xcconfig"; sourceTree = "<group>"; };
		4825B262354E81B0D4E8B193 /* Pods-StudentHelpApp.debug.xcconfig */ = {isa = PBXFileReference; includeInIndex = 1; lastKnownFileType = text.xcconfig; name = "Pods-StudentHelpApp.debug.xcconfig"; path = "Pods/Target Support Files/Pods-StudentHelpApp/Pods-StudentHelpApp.debug.xcconfig"; sourceTree = "<group>"; };
		69075B4575EEC7C189B7A049 /* Pods_StudentHelpApp.framework */ = {isa = PBXFileReference; explicitFileType = wrapper.framework; includeInIndex = 0; path = Pods_StudentHelpApp.framework; sourceTree = BUILT_PRODUCTS_DIR; };
		CE3CCF7621F64247002526C3 /* TabBarVC.swift */ = {isa = PBXFileReference; fileEncoding = 4; lastKnownFileType = sourcecode.swift; path = TabBarVC.swift; sourceTree = "<group>"; };
		CE3CCF7821F9F158002526C3 /* SearchViewController.swift */ = {isa = PBXFileReference; fileEncoding = 4; lastKnownFileType = sourcecode.swift; path = SearchViewController.swift; sourceTree = "<group>"; };
		CE537FB021ED029900DE8BDD /* LocalUser.swift */ = {isa = PBXFileReference; fileEncoding = 4; lastKnownFileType = sourcecode.swift; path = LocalUser.swift; sourceTree = "<group>"; };
		CE86F5CC21DA835F00F79D1B /* JsonWork.swift */ = {isa = PBXFileReference; fileEncoding = 4; lastKnownFileType = sourcecode.swift; path = JsonWork.swift; sourceTree = "<group>"; };
		CE86F5D021E397ED00F79D1B /* CustomTableViewCell.swift */ = {isa = PBXFileReference; fileEncoding = 4; lastKnownFileType = sourcecode.swift; path = CustomTableViewCell.swift; sourceTree = "<group>"; };
		CE86F5D121E397ED00F79D1B /* CustomTableViewCell.xib */ = {isa = PBXFileReference; fileEncoding = 4; lastKnownFileType = file.xib; path = CustomTableViewCell.xib; sourceTree = "<group>"; };
		CE86F5D421E4E02C00F79D1B /* SettingsViewController.swift */ = {isa = PBXFileReference; fileEncoding = 4; lastKnownFileType = sourcecode.swift; path = SettingsViewController.swift; sourceTree = "<group>"; };
		CE9362CA21E88C63008C6B2E /* Search.swift */ = {isa = PBXFileReference; fileEncoding = 4; lastKnownFileType = sourcecode.swift; path = Search.swift; sourceTree = "<group>"; };
		CE9362CC21E90DAF008C6B2E /* SearchTableViewCell.swift */ = {isa = PBXFileReference; fileEncoding = 4; lastKnownFileType = sourcecode.swift; path = SearchTableViewCell.swift; sourceTree = "<group>"; };
		CE95EFCF21C95E810030A21B /* FileHelper.swift */ = {isa = PBXFileReference; fileEncoding = 4; lastKnownFileType = sourcecode.swift; path = FileHelper.swift; sourceTree = "<group>"; };
		CE95EFD121C95EFA0030A21B /* FileDirectory.swift */ = {isa = PBXFileReference; fileEncoding = 4; lastKnownFileType = sourcecode.swift; path = FileDirectory.swift; sourceTree = "<group>"; };
		CE95EFD321C95FAA0030A21B /* FileSave.swift */ = {isa = PBXFileReference; fileEncoding = 4; lastKnownFileType = sourcecode.swift; path = FileSave.swift; sourceTree = "<group>"; };
		CE95EFD721D525BD0030A21B /* RegisterViewController.swift */ = {isa = PBXFileReference; fileEncoding = 4; lastKnownFileType = sourcecode.swift; path = RegisterViewController.swift; sourceTree = "<group>"; };
		CE95EFDB21D695A70030A21B /* PopUpAssignmentFormViewController.swift */ = {isa = PBXFileReference; fileEncoding = 4; lastKnownFileType = sourcecode.swift; path = PopUpAssignmentFormViewController.swift; sourceTree = "<group>"; };
		CE95EFDF21D93FE40030A21B /* UserInfo.swift */ = {isa = PBXFileReference; fileEncoding = 4; lastKnownFileType = sourcecode.swift; path = UserInfo.swift; sourceTree = "<group>"; };
		CE95EFE121D950990030A21B /* ProfileViewController.swift */ = {isa = PBXFileReference; fileEncoding = 4; lastKnownFileType = sourcecode.swift; path = ProfileViewController.swift; sourceTree = "<group>"; };
		CEE3F13F21E6774B00AC07AA /* ChatViewController.swift */ = {isa = PBXFileReference; fileEncoding = 4; lastKnownFileType = sourcecode.swift; path = ChatViewController.swift; sourceTree = "<group>"; };
		CEE3F14121E67B3400AC07AA /* MessageTableViewCell.swift */ = {isa = PBXFileReference; fileEncoding = 4; lastKnownFileType = sourcecode.swift; path = MessageTableViewCell.swift; sourceTree = "<group>"; };
		CEE3F14321E67C5E00AC07AA /* MessageDetail.swift */ = {isa = PBXFileReference; fileEncoding = 4; lastKnownFileType = sourcecode.swift; path = MessageDetail.swift; sourceTree = "<group>"; };
		CEE3F14521E7796400AC07AA /* MessageViewController.swift */ = {isa = PBXFileReference; fileEncoding = 4; lastKnownFileType = sourcecode.swift; path = MessageViewController.swift; sourceTree = "<group>"; };
		CEE3F14721E77D6B00AC07AA /* Message.swift */ = {isa = PBXFileReference; fileEncoding = 4; lastKnownFileType = sourcecode.swift; path = Message.swift; sourceTree = "<group>"; };
		CEE3F14921E7921E00AC07AA /* ChatMessageTableViewCell.swift */ = {isa = PBXFileReference; fileEncoding = 4; lastKnownFileType = sourcecode.swift; path = ChatMessageTableViewCell.swift; sourceTree = "<group>"; };
		CEE3F14D21E8820000AC07AA /* SearchToSendViewController.swift */ = {isa = PBXFileReference; fileEncoding = 4; lastKnownFileType = sourcecode.swift; path = SearchToSendViewController.swift; sourceTree = "<group>"; };
		CEF0A10E21B3F92400E0AADC /* StudentHelpApp.app */ = {isa = PBXFileReference; explicitFileType = wrapper.application; includeInIndex = 0; path = StudentHelpApp.app; sourceTree = BUILT_PRODUCTS_DIR; };
		CEF0A11121B3F92400E0AADC /* AppDelegate.swift */ = {isa = PBXFileReference; lastKnownFileType = sourcecode.swift; path = AppDelegate.swift; sourceTree = "<group>"; };
		CEF0A11321B3F92400E0AADC /* LoginViewController.swift */ = {isa = PBXFileReference; lastKnownFileType = sourcecode.swift; path = LoginViewController.swift; sourceTree = "<group>"; };
		CEF0A11621B3F92400E0AADC /* Base */ = {isa = PBXFileReference; lastKnownFileType = file.storyboard; name = Base; path = Base.lproj/Main.storyboard; sourceTree = "<group>"; };
		CEF0A11821B3F92400E0AADC /* Assets.xcassets */ = {isa = PBXFileReference; lastKnownFileType = folder.assetcatalog; path = Assets.xcassets; sourceTree = "<group>"; };
		CEF0A11B21B3F92400E0AADC /* Base */ = {isa = PBXFileReference; lastKnownFileType = file.storyboard; name = Base; path = Base.lproj/LaunchScreen.storyboard; sourceTree = "<group>"; };
		CEF0A11D21B3F92400E0AADC /* Info.plist */ = {isa = PBXFileReference; lastKnownFileType = text.plist.xml; path = Info.plist; sourceTree = "<group>"; };
		CEF0A12321B55EAD00E0AADC /* LoginTextField.swift */ = {isa = PBXFileReference; fileEncoding = 4; lastKnownFileType = sourcecode.swift; path = LoginTextField.swift; sourceTree = "<group>"; };
		CEF0A12F21B5B35500E0AADC /* TableViewCellUser.swift */ = {isa = PBXFileReference; fileEncoding = 4; lastKnownFileType = sourcecode.swift; path = TableViewCellUser.swift; sourceTree = "<group>"; };
		CEF0A13A21B8010300E0AADC /* GoogleService-Info.plist */ = {isa = PBXFileReference; fileEncoding = 4; lastKnownFileType = text.plist.xml; path = "GoogleService-Info.plist"; sourceTree = "<group>"; };
		CEF0A15A21B9490400E0AADC /* User.swift */ = {isa = PBXFileReference; fileEncoding = 4; lastKnownFileType = sourcecode.swift; path = User.swift; sourceTree = "<group>"; };
		CEF0A15C21B94D3600E0AADC /* StudentHelpApp.entitlements */ = {isa = PBXFileReference; lastKnownFileType = text.plist.entitlements; path = StudentHelpApp.entitlements; sourceTree = "<group>"; };
		CEF0A16121B9602600E0AADC /* AssignmentItem.swift */ = {isa = PBXFileReference; fileEncoding = 4; lastKnownFileType = sourcecode.swift; path = AssignmentItem.swift; sourceTree = "<group>"; };
/* End PBXFileReference section */

/* Begin PBXFrameworksBuildPhase section */
		CEF0A10B21B3F92400E0AADC /* Frameworks */ = {
			isa = PBXFrameworksBuildPhase;
			buildActionMask = 2147483647;
			files = (
				C4BB05B13F2FA1405BD943EB /* Pods_StudentHelpApp.framework in Frameworks */,
			);
			runOnlyForDeploymentPostprocessing = 0;
		};
/* End PBXFrameworksBuildPhase section */

/* Begin PBXGroup section */
		2D9A5093D251DCF3FE304534 /* Pods */ = {
			isa = PBXGroup;
			children = (
				4825B262354E81B0D4E8B193 /* Pods-StudentHelpApp.debug.xcconfig */,
				1E6485A26DA7CF96813805E0 /* Pods-StudentHelpApp.release.xcconfig */,
			);
			name = Pods;
			sourceTree = "<group>";
		};
		4BB3719C0CDF6A27B993C6D9 /* Frameworks */ = {
			isa = PBXGroup;
			children = (
				69075B4575EEC7C189B7A049 /* Pods_StudentHelpApp.framework */,
			);
			name = Frameworks;
			sourceTree = "<group>";
		};
		CE95EFCE21C95E160030A21B /* Sources */ = {
			isa = PBXGroup;
			children = (
				CEF0A13A21B8010300E0AADC /* GoogleService-Info.plist */,
				CEF0A15C21B94D3600E0AADC /* StudentHelpApp.entitlements */,
				CE95EFCF21C95E810030A21B /* FileHelper.swift */,
				CE95EFD121C95EFA0030A21B /* FileDirectory.swift */,
				CE95EFD321C95FAA0030A21B /* FileSave.swift */,
				CE86F5CC21DA835F00F79D1B /* JsonWork.swift */,
			);
			name = Sources;
			sourceTree = "<group>";
		};
		CEE3F13E21E6772C00AC07AA /* Chat */ = {
			isa = PBXGroup;
			children = (
				CEE3F14B21E7C16900AC07AA /* View */,
				CEE3F13F21E6774B00AC07AA /* ChatViewController.swift */,
				CEE3F14521E7796400AC07AA /* MessageViewController.swift */,
				CEE3F14D21E8820000AC07AA /* SearchToSendViewController.swift */,
			);
			name = Chat;
			sourceTree = "<group>";
		};
		CEE3F14B21E7C16900AC07AA /* View */ = {
			isa = PBXGroup;
			children = (
				CEE3F14121E67B3400AC07AA /* MessageTableViewCell.swift */,
				CEE3F14921E7921E00AC07AA /* ChatMessageTableViewCell.swift */,
				CE9362CC21E90DAF008C6B2E /* SearchTableViewCell.swift */,
			);
			name = View;
			sourceTree = "<group>";
		};
		CEE3F14C21E7C19100AC07AA /* View */ = {
			isa = PBXGroup;
			children = (
				CE86F5D021E397ED00F79D1B /* CustomTableViewCell.swift */,
				CE86F5D121E397ED00F79D1B /* CustomTableViewCell.xib */,
			);
			name = View;
			sourceTree = "<group>";
		};
		CEF0A10521B3F92400E0AADC = {
			isa = PBXGroup;
			children = (
				CEF0A11021B3F92400E0AADC /* StudentHelpApp */,
				CEF0A10F21B3F92400E0AADC /* Products */,
				2D9A5093D251DCF3FE304534 /* Pods */,
				4BB3719C0CDF6A27B993C6D9 /* Frameworks */,
			);
			sourceTree = "<group>";
		};
		CEF0A10F21B3F92400E0AADC /* Products */ = {
			isa = PBXGroup;
			children = (
				CEF0A10E21B3F92400E0AADC /* StudentHelpApp.app */,
			);
			name = Products;
			sourceTree = "<group>";
		};
		CEF0A11021B3F92400E0AADC /* StudentHelpApp */ = {
			isa = PBXGroup;
			children = (
				CEF0A11521B3F92400E0AADC /* Main.storyboard */,
				CEE3F13E21E6772C00AC07AA /* Chat */,
				CEF0A16021B9551700E0AADC /* Models */,
				CEF0A15F21B954EC00E0AADC /* Profile */,
				CEF0A13221B5B76B00E0AADC /* Login */,
				CEF0A13121B5B75100E0AADC /* Search */,
				CEF0A13321B5B7B100E0AADC /* AdditionalInfo */,
				CE95EFCE21C95E160030A21B /* Sources */,
			);
			path = StudentHelpApp;
			sourceTree = "<group>";
		};
		CEF0A13121B5B75100E0AADC /* Search */ = {
			isa = PBXGroup;
			children = (
				CE3CCF7821F9F158002526C3 /* SearchViewController.swift */,
				CEF0A12F21B5B35500E0AADC /* TableViewCellUser.swift */,
				CE95EFDB21D695A70030A21B /* PopUpAssignmentFormViewController.swift */,
			);
			name = Search;
			sourceTree = "<group>";
		};
		CEF0A13221B5B76B00E0AADC /* Login */ = {
			isa = PBXGroup;
			children = (
				CEF0A11321B3F92400E0AADC /* LoginViewController.swift */,
				CE95EFD721D525BD0030A21B /* RegisterViewController.swift */,
				CEF0A12321B55EAD00E0AADC /* LoginTextField.swift */,
			);
			name = Login;
			sourceTree = "<group>";
		};
		CEF0A13321B5B7B100E0AADC /* AdditionalInfo */ = {
			isa = PBXGroup;
			children = (
				CEF0A11121B3F92400E0AADC /* AppDelegate.swift */,
				CEF0A11821B3F92400E0AADC /* Assets.xcassets */,
				CEF0A11A21B3F92400E0AADC /* LaunchScreen.storyboard */,
				CEF0A11D21B3F92400E0AADC /* Info.plist */,
			);
			name = AdditionalInfo;
			sourceTree = "<group>";
		};
		CEF0A15F21B954EC00E0AADC /* Profile */ = {
			isa = PBXGroup;
			children = (
				CEE3F14C21E7C19100AC07AA /* View */,
				CE95EFE121D950990030A21B /* ProfileViewController.swift */,
				CE86F5D421E4E02C00F79D1B /* SettingsViewController.swift */,
			);
			name = Profile;
			sourceTree = "<group>";
		};
		CEF0A16021B9551700E0AADC /* Models */ = {
			isa = PBXGroup;
			children = (
				CEF0A15A21B9490400E0AADC /* User.swift */,
				CEF0A16121B9602600E0AADC /* AssignmentItem.swift */,
				CE95EFDF21D93FE40030A21B /* UserInfo.swift */,
				CEE3F14321E67C5E00AC07AA /* MessageDetail.swift */,
				CEE3F14721E77D6B00AC07AA /* Message.swift */,
				CE9362CA21E88C63008C6B2E /* Search.swift */,
				CE537FB021ED029900DE8BDD /* LocalUser.swift */,
				CE3CCF7621F64247002526C3 /* TabBarVC.swift */,
			);
			name = Models;
			sourceTree = "<group>";
		};
/* End PBXGroup section */

/* Begin PBXNativeTarget section */
		CEF0A10D21B3F92400E0AADC /* StudentHelpApp */ = {
			isa = PBXNativeTarget;
			buildConfigurationList = CEF0A12021B3F92400E0AADC /* Build configuration list for PBXNativeTarget "StudentHelpApp" */;
			buildPhases = (
				07BCAC194BCB30E7A03DDA26 /* [CP] Check Pods Manifest.lock */,
				CEF0A10A21B3F92400E0AADC /* Sources */,
				CEF0A10B21B3F92400E0AADC /* Frameworks */,
				CEF0A10C21B3F92400E0AADC /* Resources */,
				193CA10E1AD215FD3ADEFCFF /* [CP] Embed Pods Frameworks */,
			);
			buildRules = (
			);
			dependencies = (
			);
			name = StudentHelpApp;
			productName = StudentHelpApp;
			productReference = CEF0A10E21B3F92400E0AADC /* StudentHelpApp.app */;
			productType = "com.apple.product-type.application";
		};
/* End PBXNativeTarget section */

/* Begin PBXProject section */
		CEF0A10621B3F92400E0AADC /* Project object */ = {
			isa = PBXProject;
			attributes = {
				LastSwiftUpdateCheck = 0800;
				LastUpgradeCheck = 0800;
				ORGANIZATIONNAME = "Кирилл";
				TargetAttributes = {
					CEF0A10D21B3F92400E0AADC = {
						CreatedOnToolsVersion = 8.0;
						DevelopmentTeam = A8BV4KH7P4;
						ProvisioningStyle = Automatic;
						SystemCapabilities = {
							com.apple.Keychain = {
								enabled = 1;
							};
						};
					};
				};
			};
			buildConfigurationList = CEF0A10921B3F92400E0AADC /* Build configuration list for PBXProject "StudentHelpApp" */;
			compatibilityVersion = "Xcode 3.2";
			developmentRegion = English;
			hasScannedForEncodings = 0;
			knownRegions = (
				en,
				Base,
			);
			mainGroup = CEF0A10521B3F92400E0AADC;
			productRefGroup = CEF0A10F21B3F92400E0AADC /* Products */;
			projectDirPath = "";
			projectRoot = "";
			targets = (
				CEF0A10D21B3F92400E0AADC /* StudentHelpApp */,
			);
		};
/* End PBXProject section */

/* Begin PBXResourcesBuildPhase section */
		CEF0A10C21B3F92400E0AADC /* Resources */ = {
			isa = PBXResourcesBuildPhase;
			buildActionMask = 2147483647;
			files = (
				CEF0A11C21B3F92400E0AADC /* LaunchScreen.storyboard in Resources */,
				CEF0A13B21B8010300E0AADC /* GoogleService-Info.plist in Resources */,
				CEF0A11921B3F92400E0AADC /* Assets.xcassets in Resources */,
				CE86F5D321E397ED00F79D1B /* CustomTableViewCell.xib in Resources */,
				CEF0A11721B3F92400E0AADC /* Main.storyboard in Resources */,
			);
			runOnlyForDeploymentPostprocessing = 0;
		};
/* End PBXResourcesBuildPhase section */

/* Begin PBXShellScriptBuildPhase section */
		07BCAC194BCB30E7A03DDA26 /* [CP] Check Pods Manifest.lock */ = {
			isa = PBXShellScriptBuildPhase;
			buildActionMask = 2147483647;
			files = (
			);
			inputPaths = (
				"${PODS_PODFILE_DIR_PATH}/Podfile.lock",
				"${PODS_ROOT}/Manifest.lock",
			);
			name = "[CP] Check Pods Manifest.lock";
			outputPaths = (
				"$(DERIVED_FILE_DIR)/Pods-StudentHelpApp-checkManifestLockResult.txt",
			);
			runOnlyForDeploymentPostprocessing = 0;
			shellPath = /bin/sh;
			shellScript = "diff \"${PODS_PODFILE_DIR_PATH}/Podfile.lock\" \"${PODS_ROOT}/Manifest.lock\" > /dev/null\nif [ $? != 0 ] ; then\n    # print error to STDERR\n    echo \"error: The sandbox is not in sync with the Podfile.lock. Run 'pod install' or update your CocoaPods installation.\" >&2\n    exit 1\nfi\n# This output is used by Xcode 'outputs' to avoid re-running this script phase.\necho \"SUCCESS\" > \"${SCRIPT_OUTPUT_FILE_0}\"\n";
			showEnvVarsInLog = 0;
		};
		193CA10E1AD215FD3ADEFCFF /* [CP] Embed Pods Frameworks */ = {
			isa = PBXShellScriptBuildPhase;
			buildActionMask = 2147483647;
			files = (
			);
			inputPaths = (
				"${SRCROOT}/Pods/Target Support Files/Pods-StudentHelpApp/Pods-StudentHelpApp-frameworks.sh",
				"${BUILT_PRODUCTS_DIR}/GTMSessionFetcher/GTMSessionFetcher.framework",
				"${BUILT_PRODUCTS_DIR}/GoogleUtilities/GoogleUtilities.framework",
				"${BUILT_PRODUCTS_DIR}/SwiftKeychainWrapper/SwiftKeychainWrapper.framework",
				"${BUILT_PRODUCTS_DIR}/leveldb-library/leveldb.framework",
				"${BUILT_PRODUCTS_DIR}/nanopb/nanopb.framework",
			);
			name = "[CP] Embed Pods Frameworks";
			outputPaths = (
				"${TARGET_BUILD_DIR}/${FRAMEWORKS_FOLDER_PATH}/GTMSessionFetcher.framework",
				"${TARGET_BUILD_DIR}/${FRAMEWORKS_FOLDER_PATH}/GoogleUtilities.framework",
				"${TARGET_BUILD_DIR}/${FRAMEWORKS_FOLDER_PATH}/SwiftKeychainWrapper.framework",
				"${TARGET_BUILD_DIR}/${FRAMEWORKS_FOLDER_PATH}/leveldb.framework",
				"${TARGET_BUILD_DIR}/${FRAMEWORKS_FOLDER_PATH}/nanopb.framework",
			);
			runOnlyForDeploymentPostprocessing = 0;
			shellPath = /bin/sh;
			shellScript = "\"${SRCROOT}/Pods/Target Support Files/Pods-StudentHelpApp/Pods-StudentHelpApp-frameworks.sh\"\n";
			showEnvVarsInLog = 0;
		};
/* End PBXShellScriptBuildPhase section */

/* Begin PBXSourcesBuildPhase section */
		CEF0A10A21B3F92400E0AADC /* Sources */ = {
			isa = PBXSourcesBuildPhase;
			buildActionMask = 2147483647;
			files = (
				CE86F5D221E397ED00F79D1B /* CustomTableViewCell.swift in Sources */,
				CE86F5CD21DA835F00F79D1B /* JsonWork.swift in Sources */,
				CEF0A13021B5B35500E0AADC /* TableViewCellUser.swift in Sources */,
				CE537FB121ED029900DE8BDD /* LocalUser.swift in Sources */,
				CEF0A15B21B9490400E0AADC /* User.swift in Sources */,
				CE86F5D521E4E02C00F79D1B /* SettingsViewController.swift in Sources */,
				CEF0A11421B3F92400E0AADC /* LoginViewController.swift in Sources */,
				CE95EFD421C95FAA0030A21B /* FileSave.swift in Sources */,
				CE9362CB21E88C63008C6B2E /* Search.swift in Sources */,
				CEF0A11221B3F92400E0AADC /* AppDelegate.swift in Sources */,
				CE95EFD221C95EFA0030A21B /* FileDirectory.swift in Sources */,
				CE9362CD21E90DAF008C6B2E /* SearchTableViewCell.swift in Sources */,
				CEE3F14E21E8820000AC07AA /* SearchToSendViewController.swift in Sources */,
				CE3CCF7721F64247002526C3 /* TabBarVC.swift in Sources */,
				CEF0A12421B55EAD00E0AADC /* LoginTextField.swift in Sources */,
				CE95EFD821D525BD0030A21B /* RegisterViewController.swift in Sources */,
				CEE3F14221E67B3400AC07AA /* MessageTableViewCell.swift in Sources */,
				CE95EFDD21D695A70030A21B /* PopUpAssignmentFormViewController.swift in Sources */,
				CEE3F14621E7796400AC07AA /* MessageViewController.swift in Sources */,
				CEF0A16221B9602600E0AADC /* AssignmentItem.swift in Sources */,
				CE95EFE221D950990030A21B /* ProfileViewController.swift in Sources */,
				CEE3F14A21E7921E00AC07AA /* ChatMessageTableViewCell.swift in Sources */,
				CE95EFE021D93FE40030A21B /* UserInfo.swift in Sources */,
				CEE3F14021E6774B00AC07AA /* ChatViewController.swift in Sources */,
				CEE3F14821E77D6B00AC07AA /* Message.swift in Sources */,
				CEE3F14421E67C5E00AC07AA /* MessageDetail.swift in Sources */,
				CE95EFD021C95E810030A21B /* FileHelper.swift in Sources */,
				CE3CCF7921F9F158002526C3 /* SearchViewController.swift in Sources */,
			);
			runOnlyForDeploymentPostprocessing = 0;
		};
/* End PBXSourcesBuildPhase section */

/* Begin PBXVariantGroup section */
		CEF0A11521B3F92400E0AADC /* Main.storyboard */ = {
			isa = PBXVariantGroup;
			children = (
				CEF0A11621B3F92400E0AADC /* Base */,
			);
			name = Main.storyboard;
			sourceTree = "<group>";
		};
		CEF0A11A21B3F92400E0AADC /* LaunchScreen.storyboard */ = {
			isa = PBXVariantGroup;
			children = (
				CEF0A11B21B3F92400E0AADC /* Base */,
			);
			name = LaunchScreen.storyboard;
			sourceTree = "<group>";
		};
/* End PBXVariantGroup section */

/* Begin XCBuildConfiguration section */
		CEF0A11E21B3F92400E0AADC /* Debug */ = {
			isa = XCBuildConfiguration;
			buildSettings = {
				ALWAYS_SEARCH_USER_PATHS = NO;
				CLANG_ANALYZER_NONNULL = YES;
				CLANG_CXX_LANGUAGE_STANDARD = "gnu++0x";
				CLANG_CXX_LIBRARY = "libc++";
				CLANG_ENABLE_MODULES = YES;
				CLANG_ENABLE_OBJC_ARC = YES;
				CLANG_WARN_BOOL_CONVERSION = YES;
				CLANG_WARN_CONSTANT_CONVERSION = YES;
				CLANG_WARN_DIRECT_OBJC_ISA_USAGE = YES_ERROR;
				CLANG_WARN_DOCUMENTATION_COMMENTS = YES;
				CLANG_WARN_EMPTY_BODY = YES;
				CLANG_WARN_ENUM_CONVERSION = YES;
				CLANG_WARN_INFINITE_RECURSION = YES;
				CLANG_WARN_INT_CONVERSION = YES;
				CLANG_WARN_OBJC_ROOT_CLASS = YES_ERROR;
				CLANG_WARN_SUSPICIOUS_MOVES = YES;
				CLANG_WARN_UNREACHABLE_CODE = YES;
				CLANG_WARN__DUPLICATE_METHOD_MATCH = YES;
				"CODE_SIGN_IDENTITY[sdk=iphoneos*]" = "iPhone Developer";
				COPY_PHASE_STRIP = NO;
				DEBUG_INFORMATION_FORMAT = dwarf;
				ENABLE_STRICT_OBJC_MSGSEND = YES;
				ENABLE_TESTABILITY = YES;
				GCC_C_LANGUAGE_STANDARD = gnu99;
				GCC_DYNAMIC_NO_PIC = NO;
				GCC_NO_COMMON_BLOCKS = YES;
				GCC_OPTIMIZATION_LEVEL = 0;
				GCC_PREPROCESSOR_DEFINITIONS = (
					"DEBUG=1",
					"$(inherited)",
				);
				GCC_WARN_64_TO_32_BIT_CONVERSION = YES;
				GCC_WARN_ABOUT_RETURN_TYPE = YES_ERROR;
				GCC_WARN_UNDECLARED_SELECTOR = YES;
				GCC_WARN_UNINITIALIZED_AUTOS = YES_AGGRESSIVE;
				GCC_WARN_UNUSED_FUNCTION = YES;
				GCC_WARN_UNUSED_VARIABLE = YES;
				IPHONEOS_DEPLOYMENT_TARGET = 10.0;
				MTL_ENABLE_DEBUG_INFO = YES;
				ONLY_ACTIVE_ARCH = YES;
				SDKROOT = iphoneos;
				SWIFT_ACTIVE_COMPILATION_CONDITIONS = DEBUG;
				SWIFT_OPTIMIZATION_LEVEL = "-Onone";
				TARGETED_DEVICE_FAMILY = "1,2";
			};
			name = Debug;
		};
		CEF0A11F21B3F92400E0AADC /* Release */ = {
			isa = XCBuildConfiguration;
			buildSettings = {
				ALWAYS_SEARCH_USER_PATHS = NO;
				CLANG_ANALYZER_NONNULL = YES;
				CLANG_CXX_LANGUAGE_STANDARD = "gnu++0x";
				CLANG_CXX_LIBRARY = "libc++";
				CLANG_ENABLE_MODULES = YES;
				CLANG_ENABLE_OBJC_ARC = YES;
				CLANG_WARN_BOOL_CONVERSION = YES;
				CLANG_WARN_CONSTANT_CONVERSION = YES;
				CLANG_WARN_DIRECT_OBJC_ISA_USAGE = YES_ERROR;
				CLANG_WARN_DOCUMENTATION_COMMENTS = YES;
				CLANG_WARN_EMPTY_BODY = YES;
				CLANG_WARN_ENUM_CONVERSION = YES;
				CLANG_WARN_INFINITE_RECURSION = YES;
				CLANG_WARN_INT_CONVERSION = YES;
				CLANG_WARN_OBJC_ROOT_CLASS = YES_ERROR;
				CLANG_WARN_SUSPICIOUS_MOVES = YES;
				CLANG_WARN_UNREACHABLE_CODE = YES;
				CLANG_WARN__DUPLICATE_METHOD_MATCH = YES;
				"CODE_SIGN_IDENTITY[sdk=iphoneos*]" = "iPhone Developer";
				COPY_PHASE_STRIP = NO;
				DEBUG_INFORMATION_FORMAT = "dwarf-with-dsym";
				ENABLE_NS_ASSERTIONS = NO;
				ENABLE_STRICT_OBJC_MSGSEND = YES;
				GCC_C_LANGUAGE_STANDARD = gnu99;
				GCC_NO_COMMON_BLOCKS = YES;
				GCC_WARN_64_TO_32_BIT_CONVERSION = YES;
				GCC_WARN_ABOUT_RETURN_TYPE = YES_ERROR;
				GCC_WARN_UNDECLARED_SELECTOR = YES;
				GCC_WARN_UNINITIALIZED_AUTOS = YES_AGGRESSIVE;
				GCC_WARN_UNUSED_FUNCTION = YES;
				GCC_WARN_UNUSED_VARIABLE = YES;
				IPHONEOS_DEPLOYMENT_TARGET = 10.0;
				MTL_ENABLE_DEBUG_INFO = NO;
				SDKROOT = iphoneos;
				SWIFT_OPTIMIZATION_LEVEL = "-Owholemodule";
				TARGETED_DEVICE_FAMILY = "1,2";
				VALIDATE_PRODUCT = YES;
			};
			name = Release;
		};
		CEF0A12121B3F92400E0AADC /* Debug */ = {
			isa = XCBuildConfiguration;
			baseConfigurationReference = 4825B262354E81B0D4E8B193 /* Pods-StudentHelpApp.debug.xcconfig */;
			buildSettings = {
				ASSETCATALOG_COMPILER_APPICON_NAME = AppIcon;
				CODE_SIGN_ENTITLEMENTS = StudentHelpApp/StudentHelpApp.entitlements;
				DEVELOPMENT_TEAM = A8BV4KH7P4;
				INFOPLIST_FILE = StudentHelpApp/Info.plist;
				IPHONEOS_DEPLOYMENT_TARGET = 10.0;
				LD_RUNPATH_SEARCH_PATHS = "$(inherited) @executable_path/Frameworks";
				PRODUCT_BUNDLE_IDENTIFIER = HSE.StudentHelpApp;
				PRODUCT_NAME = "$(TARGET_NAME)";
				SWIFT_VERSION = 3.0;
			};
			name = Debug;
		};
		CEF0A12221B3F92400E0AADC /* Release */ = {
			isa = XCBuildConfiguration;
			baseConfigurationReference = 1E6485A26DA7CF96813805E0 /* Pods-StudentHelpApp.release.xcconfig */;
			buildSettings = {
				ASSETCATALOG_COMPILER_APPICON_NAME = AppIcon;
				CODE_SIGN_ENTITLEMENTS = StudentHelpApp/StudentHelpApp.entitlements;
				DEVELOPMENT_TEAM = A8BV4KH7P4;
				INFOPLIST_FILE = StudentHelpApp/Info.plist;
				IPHONEOS_DEPLOYMENT_TARGET = 10.0;
				LD_RUNPATH_SEARCH_PATHS = "$(inherited) @executable_path/Frameworks";
				PRODUCT_BUNDLE_IDENTIFIER = HSE.StudentHelpApp;
				PRODUCT_NAME = "$(TARGET_NAME)";
				SWIFT_VERSION = 3.0;
			};
			name = Release;
		};
/* End XCBuildConfiguration section */

/* Begin XCConfigurationList section */
		CEF0A10921B3F92400E0AADC /* Build configuration list for PBXProject "StudentHelpApp" */ = {
			isa = XCConfigurationList;
			buildConfigurations = (
				CEF0A11E21B3F92400E0AADC /* Debug */,
				CEF0A11F21B3F92400E0AADC /* Release */,
			);
			defaultConfigurationIsVisible = 0;
			defaultConfigurationName = Release;
		};
		CEF0A12021B3F92400E0AADC /* Build configuration list for PBXNativeTarget "StudentHelpApp" */ = {
			isa = XCConfigurationList;
			buildConfigurations = (
				CEF0A12121B3F92400E0AADC /* Debug */,
				CEF0A12221B3F92400E0AADC /* Release */,
			);
			defaultConfigurationIsVisible = 0;
			defaultConfigurationName = Release;
		};
/* End XCConfigurationList section */
	};
	rootObject = CEF0A10621B3F92400E0AADC /* Project object */;
}
